{
    "_meta": {
        "hash": {
            "sha256": "c4995ec83fa34ee7b1c5f2126f098fe778ff011ca4663aa6bc14ecdc65f7cb07"
        },
        "pipfile-spec": 6,
        "requires": {
            "python_version": "3.12"
        },
        "sources": [
            {
                "name": "pypi",
                "url": "https://pypi.org/simple",
                "verify_ssl": true
            }
        ]
    },
    "default": {
        "pypdf": {
            "hashes": [
                "sha256:46b4d8495d68ae9c818e7964853cd9984e6a04c19fe7112760195395992dce48",
                "sha256:4c0f3e62677217a777ab79abe22bf1285442d70efabf552f61c7a03b6f5c569f"
            ],
            "index": "pypi",
            "markers": "python_version >= '3.9'",
            "version": "==6.2.0"
        }
    },
    "develop": {}
}
